
Microsoft Visual Studio Solution File, Format Version 12.00
# Visual Studio Version 16
VisualStudioVersion = 16.0.31019.35
MinimumVisualStudioVersion = 10.0.40219.1
Project("{FAE04EC0-301F-11D3-BF4B-00C04F79EFBC}") = "CyberRangeProject", "CyberRangeProject\CyberRangeProject.csproj", "{FCF11A70-B82F-438A-9B5D-45333760BFED}"
EndProject
Global
	GlobalSection(SolutionConfigurationPlatforms) = preSolution
		Debug|Any CPU = Debug|Any CPU
		Release|Any CPU = Release|Any CPU
	EndGlobalSection
	GlobalSection(ProjectConfigurationPlatforms) = postSolution
		{FCF11A70-B82F-438A-9B5D-45333760BFED}.Debug|Any CPU.ActiveCfg = Debug|Any CPU
		{FCF11A70-B82F-438A-9B5D-45333760BFED}.Debug|Any CPU.Build.0 = Debug|Any CPU
		{FCF11A70-B82F-438A-9B5D-45333760BFED}.Release|Any CPU.ActiveCfg = Release|Any CPU
		{FCF11A70-B82F-438A-9B5D-45333760BFED}.Release|Any CPU.Build.0 = Release|Any CPU
	EndGlobalSection
	GlobalSection(SolutionProperties) = preSolution
		HideSolutionNode = FALSE
	EndGlobalSection
	GlobalSection(ExtensibilityGlobals) = postSolution
		SolutionGuid = {D5A27B5B-8359-496B-9D86-52DEADC58A47}
	EndGlobalSection
EndGlobal
